{
  "version": "4",
  "specifiers": {
    "jsr:@b-fuze/deno-dom@*": "0.1.48",
    "jsr:@cross/deepmerge@1.0.0": "1.0.0",
    "jsr:@hono/hono@*": "4.6.5",
    "jsr:@octo/thoth@*": "0.2.3",
    "jsr:@std/ulid@0.221.0": "0.221.0",
    "npm:hono@*": "4.6.5",
    "npm:hono@3.0.2": "3.0.2",
    "npm:hono@4.6.5": "4.6.5",
    "npm:hono@latest": "4.6.5"
  },
  "jsr": {
    "@b-fuze/deno-dom@0.1.48": {
      "integrity": "bf5b591aef2e9e9c59adfcbb93a9ecd45bab5b7c8263625beafa5c8f1662e7da"
    },
    "@cross/deepmerge@1.0.0": {
      "integrity": "1e1318a74e31ba1959b9aa0acae8bd417b806f74ffd25ac07c90e12f83ad6b1d"
    },
    "@hono/hono@4.6.5": {
      "integrity": "68efe4a0ab7c4fb082cb71aa894a25e1c6cfad6d124dc943471e6758a7a1bdee"
    },
    "@octo/thoth@0.2.3": {
      "integrity": "55e54679262e3bd890d0a315077dbb2df6b1b0feb424a5a321a2ab3533d1924e",
      "dependencies": [
        "jsr:@cross/deepmerge",
        "jsr:@std/ulid"
      ]
    },
    "@std/ulid@0.221.0": {
      "integrity": "6d99398a5027d87fa6a05248cb47293f2344d02f2d787daf9b4277bd1f768cfd"
    }
  },
  "npm": {
    "hono@3.0.2": {
      "integrity": "sha512-jhb0eCiUTOzbOXZyXQCOk1gf3MKjV4ZXY3PRT6lzma0XPsnnHuDOHYF7RCMHYe7jhl4Y0IAzrmWXneXhOMHypA=="
    },
    "hono@4.6.5": {
      "integrity": "sha512-qsmN3V5fgtwdKARGLgwwHvcdLKursMd+YOt69eGpl1dUCJb8mCd7hZfyZnBYjxCegBG7qkJRQRUy2oO25yHcyQ=="
    }
  }
}
